{
    "name": "destra-storage-bootstrap-onboard",
    "version": "0.0.1",
    "lockfileVersion": 3,
    "requires": true,
    "packages": {
        "": {
            "name": "destra-storage-bootstrap-onboard",
            "version": "0.0.1",
            "license": "ISC",
            "dependencies": {
                "@libp2p/crypto": "^4.0.6",
                "@libp2p/peer-id": "^4.0.10",
                "dotenv": "^16.4.5",
                "ethers": "^6.12.0"
            }
        },
        "node_modules/@adraffy/ens-normalize": {
            "version": "1.10.1",
            "resolved": "https://registry.npmjs.org/@adraffy/ens-normalize/-/ens-normalize-1.10.1.tgz",
            "integrity": "sha512-96Z2IP3mYmF1Xg2cDm8f1gWGf/HUVedQ3FMifV4kG/PQ4yEP51xDtRAEfhVNt5f/uzpNkZHwWQuUcu6D6K+Ekw=="
        },
        "node_modules/@chainsafe/is-ip": {
            "version": "2.0.2",
            "resolved": "https://registry.npmjs.org/@chainsafe/is-ip/-/is-ip-2.0.2.tgz",
            "integrity": "sha512-ndGqEMG1W5WkGagaqOZHpPU172AGdxr+LD15sv3WIUvT5oCFUrG1Y0CW/v2Egwj4JXEvSibaIIIqImsm98y1nA=="
        },
        "node_modules/@chainsafe/netmask": {
            "version": "2.0.0",
            "resolved": "https://registry.npmjs.org/@chainsafe/netmask/-/netmask-2.0.0.tgz",
            "integrity": "sha512-I3Z+6SWUoaljh3TBzCnCxjlUyN8tA+NAk5L6m9IxvCf1BENQTePzPMis97CoN/iMW1St3WN+AWCCRp+TTBRiDg==",
            "dependencies": {
                "@chainsafe/is-ip": "^2.0.1"
            }
        },
        "node_modules/@leichtgewicht/ip-codec": {
            "version": "2.0.5",
            "resolved": "https://registry.npmjs.org/@leichtgewicht/ip-codec/-/ip-codec-2.0.5.tgz",
            "integrity": "sha512-Vo+PSpZG2/fmgmiNzYK9qWRh8h/CHrwD0mo1h1DzL4yzHNSfWYujGTYsWGreD000gcgmZ7K4Ys6Tx9TxtsKdDw=="
        },
        "node_modules/@libp2p/crypto": {
            "version": "4.0.6",
            "resolved": "https://registry.npmjs.org/@libp2p/crypto/-/crypto-4.0.6.tgz",
            "integrity": "sha512-AJ4i3DHOTlY961O26M3k1IjmU4rUd5WgeK4t9IRzFfLIbD6uwA+cevJMG2qr0UHJfbYdGKKQ2Po1wqZONoIA9Q==",
            "dependencies": {
                "@libp2p/interface": "^1.2.0",
                "@noble/curves": "^1.4.0",
                "@noble/hashes": "^1.4.0",
                "asn1js": "^3.0.5",
                "multiformats": "^13.1.0",
                "protons-runtime": "^5.4.0",
                "uint8arraylist": "^2.4.8",
                "uint8arrays": "^5.0.3"
            }
        },
        "node_modules/@libp2p/interface": {
            "version": "1.2.0",
            "resolved": "https://registry.npmjs.org/@libp2p/interface/-/interface-1.2.0.tgz",
            "integrity": "sha512-ImnGNl3El/AukgaojACT8i9SNW1FOsrThcQU/qA3w5tEBR5p84Uwgzl/nxa4X5vGinItUJ9jLEJmtkQJENoiGQ==",
            "dependencies": {
                "@multiformats/multiaddr": "^12.2.1",
                "it-pushable": "^3.2.3",
                "it-stream-types": "^2.0.1",
                "multiformats": "^13.1.0",
                "progress-events": "^1.0.0",
                "uint8arraylist": "^2.4.8"
            }
        },
        "node_modules/@libp2p/peer-id": {
            "version": "4.0.10",
            "resolved": "https://registry.npmjs.org/@libp2p/peer-id/-/peer-id-4.0.10.tgz",
            "integrity": "sha512-cR5dQ5fPcxP4LLSXDgo+TSOhtElZSwRXVSSgT/GM/Vvbua5M91NzsksYfd/lg8XwTCSvTER0qmE6ZIR05vjQrA==",
            "dependencies": {
                "@libp2p/interface": "^1.2.0",
                "multiformats": "^13.1.0",
                "uint8arrays": "^5.0.3"
            }
        },
        "node_modules/@multiformats/dns": {
            "version": "1.0.6",
            "resolved": "https://registry.npmjs.org/@multiformats/dns/-/dns-1.0.6.tgz",
            "integrity": "sha512-nt/5UqjMPtyvkG9BQYdJ4GfLK3nMqGpFZOzf4hAmIa0sJh2LlS9YKXZ4FgwBDsaHvzZqR/rUFIywIc7pkHNNuw==",
            "dependencies": {
                "@types/dns-packet": "^5.6.5",
                "buffer": "^6.0.3",
                "dns-packet": "^5.6.1",
                "hashlru": "^2.3.0",
                "p-queue": "^8.0.1",
                "progress-events": "^1.0.0",
                "uint8arrays": "^5.0.2"
            }
        },
        "node_modules/@multiformats/multiaddr": {
            "version": "12.2.1",
            "resolved": "https://registry.npmjs.org/@multiformats/multiaddr/-/multiaddr-12.2.1.tgz",
            "integrity": "sha512-UwjoArBbv64FlaetV4DDwh+PUMfzXUBltxQwdh+uTYnGFzVa8ZfJsn1vt1RJlJ6+Xtrm3RMekF/B+K338i2L5Q==",
            "dependencies": {
                "@chainsafe/is-ip": "^2.0.1",
                "@chainsafe/netmask": "^2.0.0",
                "@libp2p/interface": "^1.0.0",
                "@multiformats/dns": "^1.0.3",
                "multiformats": "^13.0.0",
                "uint8-varint": "^2.0.1",
                "uint8arrays": "^5.0.0"
            }
        },
        "node_modules/@noble/curves": {
            "version": "1.4.0",
            "resolved": "https://registry.npmjs.org/@noble/curves/-/curves-1.4.0.tgz",
            "integrity": "sha512-p+4cb332SFCrReJkCYe8Xzm0OWi4Jji5jVdIZRL/PmacmDkFNw6MrrV+gGpiPxLHbV+zKFRywUWbaseT+tZRXg==",
            "dependencies": {
                "@noble/hashes": "1.4.0"
            },
            "funding": {
                "url": "https://paulmillr.com/funding/"
            }
        },
        "node_modules/@noble/hashes": {
            "version": "1.4.0",
            "resolved": "https://registry.npmjs.org/@noble/hashes/-/hashes-1.4.0.tgz",
            "integrity": "sha512-V1JJ1WTRUqHHrOSh597hURcMqVKVGL/ea3kv0gSnEdsEZ0/+VyPghM1lMNGc00z7CIQorSvbKpuJkxvuHbvdbg==",
            "engines": {
                "node": ">= 16"
            },
            "funding": {
                "url": "https://paulmillr.com/funding/"
            }
        },
        "node_modules/@types/dns-packet": {
            "version": "5.6.5",
            "resolved": "https://registry.npmjs.org/@types/dns-packet/-/dns-packet-5.6.5.tgz",
            "integrity": "sha512-qXOC7XLOEe43ehtWJCMnQXvgcIpv6rPmQ1jXT98Ad8A3TB1Ue50jsCbSSSyuazScEuZ/Q026vHbrOTVkmwA+7Q==",
            "dependencies": {
                "@types/node": "*"
            }
        },
        "node_modules/@types/node": {
            "version": "20.12.7",
            "resolved": "https://registry.npmjs.org/@types/node/-/node-20.12.7.tgz",
            "integrity": "sha512-wq0cICSkRLVaf3UGLMGItu/PtdY7oaXaI/RVU+xliKVOtRna3PRY57ZDfztpDL0n11vfymMUnXv8QwYCO7L1wg==",
            "dependencies": {
                "undici-types": "~5.26.4"
            }
        },
        "node_modules/aes-js": {
            "version": "4.0.0-beta.5",
            "resolved": "https://registry.npmjs.org/aes-js/-/aes-js-4.0.0-beta.5.tgz",
            "integrity": "sha512-G965FqalsNyrPqgEGON7nIx1e/OVENSgiEIzyC63haUMuvNnwIgIjMs52hlTCKhkBny7A2ORNlfY9Zu+jmGk1Q=="
        },
        "node_modules/asn1js": {
            "version": "3.0.5",
            "resolved": "https://registry.npmjs.org/asn1js/-/asn1js-3.0.5.tgz",
            "integrity": "sha512-FVnvrKJwpt9LP2lAMl8qZswRNm3T4q9CON+bxldk2iwk3FFpuwhx2FfinyitizWHsVYyaY+y5JzDR0rCMV5yTQ==",
            "dependencies": {
                "pvtsutils": "^1.3.2",
                "pvutils": "^1.1.3",
                "tslib": "^2.4.0"
            },
            "engines": {
                "node": ">=12.0.0"
            }
        },
        "node_modules/base64-js": {
            "version": "1.5.1",
            "resolved": "https://registry.npmjs.org/base64-js/-/base64-js-1.5.1.tgz",
            "integrity": "sha512-AKpaYlHn8t4SVbOHCy+b5+KKgvR4vrsD8vbvrbiQJps7fKDTkjkDry6ji0rUJjC0kzbNePLwzxq8iypo41qeWA==",
            "funding": [
                {
                    "type": "github",
                    "url": "https://github.com/sponsors/feross"
                },
                {
                    "type": "patreon",
                    "url": "https://www.patreon.com/feross"
                },
                {
                    "type": "consulting",
                    "url": "https://feross.org/support"
                }
            ]
        },
        "node_modules/buffer": {
            "version": "6.0.3",
            "resolved": "https://registry.npmjs.org/buffer/-/buffer-6.0.3.tgz",
            "integrity": "sha512-FTiCpNxtwiZZHEZbcbTIcZjERVICn9yq/pDFkTl95/AxzD1naBctN7YO68riM/gLSDY7sdrMby8hofADYuuqOA==",
            "funding": [
                {
                    "type": "github",
                    "url": "https://github.com/sponsors/feross"
                },
                {
                    "type": "patreon",
                    "url": "https://www.patreon.com/feross"
                },
                {
                    "type": "consulting",
                    "url": "https://feross.org/support"
                }
            ],
            "dependencies": {
                "base64-js": "^1.3.1",
                "ieee754": "^1.2.1"
            }
        },
        "node_modules/dns-packet": {
            "version": "5.6.1",
            "resolved": "https://registry.npmjs.org/dns-packet/-/dns-packet-5.6.1.tgz",
            "integrity": "sha512-l4gcSouhcgIKRvyy99RNVOgxXiicE+2jZoNmaNmZ6JXiGajBOJAesk1OBlJuM5k2c+eudGdLxDqXuPCKIj6kpw==",
            "dependencies": {
                "@leichtgewicht/ip-codec": "^2.0.1"
            },
            "engines": {
                "node": ">=6"
            }
        },
        "node_modules/dotenv": {
            "version": "16.4.5",
            "resolved": "https://registry.npmjs.org/dotenv/-/dotenv-16.4.5.tgz",
            "integrity": "sha512-ZmdL2rui+eB2YwhsWzjInR8LldtZHGDoQ1ugH85ppHKwpUHL7j7rN0Ti9NCnGiQbhaZ11FpR+7ao1dNsmduNUg==",
            "engines": {
                "node": ">=12"
            },
            "funding": {
                "url": "https://dotenvx.com"
            }
        },
        "node_modules/ethers": {
            "version": "6.12.0",
            "resolved": "https://registry.npmjs.org/ethers/-/ethers-6.12.0.tgz",
            "integrity": "sha512-zL5NlOTjML239gIvtVJuaSk0N9GQLi1Hom3ZWUszE5lDTQE/IVB62mrPkQ2W1bGcZwVGSLaetQbWNQSvI4rGDQ==",
            "funding": [
                {
                    "type": "individual",
                    "url": "https://github.com/sponsors/ethers-io/"
                },
                {
                    "type": "individual",
                    "url": "https://www.buymeacoffee.com/ricmoo"
                }
            ],
            "dependencies": {
                "@adraffy/ens-normalize": "1.10.1",
                "@noble/curves": "1.2.0",
                "@noble/hashes": "1.3.2",
                "@types/node": "18.15.13",
                "aes-js": "4.0.0-beta.5",
                "tslib": "2.4.0",
                "ws": "8.5.0"
            },
            "engines": {
                "node": ">=14.0.0"
            }
        },
        "node_modules/ethers/node_modules/@noble/curves": {
            "version": "1.2.0",
            "resolved": "https://registry.npmjs.org/@noble/curves/-/curves-1.2.0.tgz",
            "integrity": "sha512-oYclrNgRaM9SsBUBVbb8M6DTV7ZHRTKugureoYEncY5c65HOmRzvSiTE3y5CYaPYJA/GVkrhXEoF0M3Ya9PMnw==",
            "dependencies": {
                "@noble/hashes": "1.3.2"
            },
            "funding": {
                "url": "https://paulmillr.com/funding/"
            }
        },
        "node_modules/ethers/node_modules/@noble/hashes": {
            "version": "1.3.2",
            "resolved": "https://registry.npmjs.org/@noble/hashes/-/hashes-1.3.2.tgz",
            "integrity": "sha512-MVC8EAQp7MvEcm30KWENFjgR+Mkmf+D189XJTkFIlwohU5hcBbn1ZkKq7KVTi2Hme3PMGF390DaL52beVrIihQ==",
            "engines": {
                "node": ">= 16"
            },
            "funding": {
                "url": "https://paulmillr.com/funding/"
            }
        },
        "node_modules/ethers/node_modules/@types/node": {
            "version": "18.15.13",
            "resolved": "https://registry.npmjs.org/@types/node/-/node-18.15.13.tgz",
            "integrity": "sha512-N+0kuo9KgrUQ1Sn/ifDXsvg0TTleP7rIy4zOBGECxAljqvqfqpTfzx0Q1NUedOixRMBfe2Whhb056a42cWs26Q=="
        },
        "node_modules/ethers/node_modules/tslib": {
            "version": "2.4.0",
            "resolved": "https://registry.npmjs.org/tslib/-/tslib-2.4.0.tgz",
            "integrity": "sha512-d6xOpEDfsi2CZVlPQzGeux8XMwLT9hssAsaPYExaQMuYskwb+x1x7J371tWlbBdWHroy99KnVB6qIkUbs5X3UQ=="
        },
        "node_modules/eventemitter3": {
            "version": "5.0.1",
            "resolved": "https://registry.npmjs.org/eventemitter3/-/eventemitter3-5.0.1.tgz",
            "integrity": "sha512-GWkBvjiSZK87ELrYOSESUYeVIc9mvLLf/nXalMOS5dYrgZq9o5OVkbZAVM06CVxYsCwH9BDZFPlQTlPA1j4ahA=="
        },
        "node_modules/hashlru": {
            "version": "2.3.0",
            "resolved": "https://registry.npmjs.org/hashlru/-/hashlru-2.3.0.tgz",
            "integrity": "sha512-0cMsjjIC8I+D3M44pOQdsy0OHXGLVz6Z0beRuufhKa0KfaD2wGwAev6jILzXsd3/vpnNQJmWyZtIILqM1N+n5A=="
        },
        "node_modules/ieee754": {
            "version": "1.2.1",
            "resolved": "https://registry.npmjs.org/ieee754/-/ieee754-1.2.1.tgz",
            "integrity": "sha512-dcyqhDvX1C46lXZcVqCpK+FtMRQVdIMN6/Df5js2zouUsqG7I6sFxitIC+7KYK29KdXOLHdu9zL4sFnoVQnqaA==",
            "funding": [
                {
                    "type": "github",
                    "url": "https://github.com/sponsors/feross"
                },
                {
                    "type": "patreon",
                    "url": "https://www.patreon.com/feross"
                },
                {
                    "type": "consulting",
                    "url": "https://feross.org/support"
                }
            ]
        },
        "node_modules/it-pushable": {
            "version": "3.2.3",
            "resolved": "https://registry.npmjs.org/it-pushable/-/it-pushable-3.2.3.tgz",
            "integrity": "sha512-gzYnXYK8Y5t5b/BnJUr7glfQLO4U5vyb05gPx/TyTw+4Bv1zM9gFk4YsOrnulWefMewlphCjKkakFvj1y99Tcg==",
            "dependencies": {
                "p-defer": "^4.0.0"
            }
        },
        "node_modules/it-stream-types": {
            "version": "2.0.1",
            "resolved": "https://registry.npmjs.org/it-stream-types/-/it-stream-types-2.0.1.tgz",
            "integrity": "sha512-6DmOs5r7ERDbvS4q8yLKENcj6Yecr7QQTqWApbZdfAUTEC947d+PEha7PCqhm//9oxaLYL7TWRekwhoXl2s6fg==",
            "engines": {
                "node": ">=16.0.0",
                "npm": ">=7.0.0"
            }
        },
        "node_modules/multiformats": {
            "version": "13.1.0",
            "resolved": "https://registry.npmjs.org/multiformats/-/multiformats-13.1.0.tgz",
            "integrity": "sha512-HzdtdBwxsIkzpeXzhQ5mAhhuxcHbjEHH+JQoxt7hG/2HGFjjwyolLo7hbaexcnhoEuV4e0TNJ8kkpMjiEYY4VQ=="
        },
        "node_modules/p-defer": {
            "version": "4.0.1",
            "resolved": "https://registry.npmjs.org/p-defer/-/p-defer-4.0.1.tgz",
            "integrity": "sha512-Mr5KC5efvAK5VUptYEIopP1bakB85k2IWXaRC0rsh1uwn1L6M0LVml8OIQ4Gudg4oyZakf7FmeRLkMMtZW1i5A==",
            "engines": {
                "node": ">=12"
            },
            "funding": {
                "url": "https://github.com/sponsors/sindresorhus"
            }
        },
        "node_modules/p-queue": {
            "version": "8.0.1",
            "resolved": "https://registry.npmjs.org/p-queue/-/p-queue-8.0.1.tgz",
            "integrity": "sha512-NXzu9aQJTAzbBqOt2hwsR63ea7yvxJc0PwN/zobNAudYfb1B7R08SzB4TsLeSbUCuG467NhnoT0oO6w1qRO+BA==",
            "dependencies": {
                "eventemitter3": "^5.0.1",
                "p-timeout": "^6.1.2"
            },
            "engines": {
                "node": ">=18"
            },
            "funding": {
                "url": "https://github.com/sponsors/sindresorhus"
            }
        },
        "node_modules/p-timeout": {
            "version": "6.1.2",
            "resolved": "https://registry.npmjs.org/p-timeout/-/p-timeout-6.1.2.tgz",
            "integrity": "sha512-UbD77BuZ9Bc9aABo74gfXhNvzC9Tx7SxtHSh1fxvx3jTLLYvmVhiQZZrJzqqU0jKbN32kb5VOKiLEQI/3bIjgQ==",
            "engines": {
                "node": ">=14.16"
            },
            "funding": {
                "url": "https://github.com/sponsors/sindresorhus"
            }
        },
        "node_modules/progress-events": {
            "version": "1.0.0",
            "resolved": "https://registry.npmjs.org/progress-events/-/progress-events-1.0.0.tgz",
            "integrity": "sha512-zIB6QDrSbPfRg+33FZalluFIowkbV5Xh1xSuetjG+rlC5he6u2dc6VQJ0TbMdlN3R1RHdpOqxEFMKTnQ+itUwA==",
            "engines": {
                "node": ">=16.0.0",
                "npm": ">=7.0.0"
            }
        },
        "node_modules/protons-runtime": {
            "version": "5.4.0",
            "resolved": "https://registry.npmjs.org/protons-runtime/-/protons-runtime-5.4.0.tgz",
            "integrity": "sha512-XfA++W/WlQOSyjUyuF5lgYBfXZUEMP01Oh1C2dSwZAlF2e/ZrMRPfWonXj6BGM+o8Xciv7w0tsRMKYwYEuQvaw==",
            "dependencies": {
                "uint8-varint": "^2.0.2",
                "uint8arraylist": "^2.4.3",
                "uint8arrays": "^5.0.1"
            }
        },
        "node_modules/pvtsutils": {
            "version": "1.3.5",
            "resolved": "https://registry.npmjs.org/pvtsutils/-/pvtsutils-1.3.5.tgz",
            "integrity": "sha512-ARvb14YB9Nm2Xi6nBq1ZX6dAM0FsJnuk+31aUp4TrcZEdKUlSqOqsxJHUPJDNE3qiIp+iUPEIeR6Je/tgV7zsA==",
            "dependencies": {
                "tslib": "^2.6.1"
            }
        },
        "node_modules/pvutils": {
            "version": "1.1.3",
            "resolved": "https://registry.npmjs.org/pvutils/-/pvutils-1.1.3.tgz",
            "integrity": "sha512-pMpnA0qRdFp32b1sJl1wOJNxZLQ2cbQx+k6tjNtZ8CpvVhNqEPRgivZ2WOUev2YMajecdH7ctUPDvEe87nariQ==",
            "engines": {
                "node": ">=6.0.0"
            }
        },
        "node_modules/tslib": {
            "version": "2.6.2",
            "resolved": "https://registry.npmjs.org/tslib/-/tslib-2.6.2.tgz",
            "integrity": "sha512-AEYxH93jGFPn/a2iVAwW87VuUIkR1FVUKB77NwMF7nBTDkDrrT/Hpt/IrCJ0QXhW27jTBDcf5ZY7w6RiqTMw2Q=="
        },
        "node_modules/uint8-varint": {
            "version": "2.0.4",
            "resolved": "https://registry.npmjs.org/uint8-varint/-/uint8-varint-2.0.4.tgz",
            "integrity": "sha512-FwpTa7ZGA/f/EssWAb5/YV6pHgVF1fViKdW8cWaEarjB8t7NyofSWBdOTyFPaGuUG4gx3v1O3PQ8etsiOs3lcw==",
            "dependencies": {
                "uint8arraylist": "^2.0.0",
                "uint8arrays": "^5.0.0"
            }
        },
        "node_modules/uint8arraylist": {
            "version": "2.4.8",
            "resolved": "https://registry.npmjs.org/uint8arraylist/-/uint8arraylist-2.4.8.tgz",
            "integrity": "sha512-vc1PlGOzglLF0eae1M8mLRTBivsvrGsdmJ5RbK3e+QRvRLOZfZhQROTwH/OfyF3+ZVUg9/8hE8bmKP2CvP9quQ==",
            "dependencies": {
                "uint8arrays": "^5.0.1"
            }
        },
        "node_modules/uint8arrays": {
            "version": "5.0.3",
            "resolved": "https://registry.npmjs.org/uint8arrays/-/uint8arrays-5.0.3.tgz",
            "integrity": "sha512-6LBuKji28kHjgPJMkQ6GDaBb1lRwIhyOYq6pDGwYMoDPfImE9SkuYENVmR0yu9yGgs2clHUSY9fKDukR+AXfqQ==",
            "dependencies": {
                "multiformats": "^13.0.0"
            }
        },
        "node_modules/undici-types": {
            "version": "5.26.5",
            "resolved": "https://registry.npmjs.org/undici-types/-/undici-types-5.26.5.tgz",
            "integrity": "sha512-JlCMO+ehdEIKqlFxk6IfVoAUVmgz7cU7zD/h9XZ0qzeosSHmUJVOzSQvvYSYWXkFXC+IfLKSIffhv0sVZup6pA=="
        },
        "node_modules/ws": {
            "version": "8.5.0",
            "resolved": "https://registry.npmjs.org/ws/-/ws-8.5.0.tgz",
            "integrity": "sha512-BWX0SWVgLPzYwF8lTzEy1egjhS4S4OEAHfsO8o65WOVsrnSRGaSiUaa9e0ggGlkMTtBlmOpEXiie9RUcBO86qg==",
            "engines": {
                "node": ">=10.0.0"
            },
            "peerDependencies": {
                "bufferutil": "^4.0.1",
                "utf-8-validate": "^5.0.2"
            },
            "peerDependenciesMeta": {
                "bufferutil": {
                    "optional": true
                },
                "utf-8-validate": {
                    "optional": true
                }
            }
        }
    }
}
